
Microsoft Visual Studio Solution File, Format Version 12.00
# Visual Studio 15
Project("{FAE04EC0-301F-11D3-BF4B-00C04F79EFBC}") = "Assembly-CSharp", "Assembly-CSharp.csproj", "{920BC24D-CD26-66E0-BF62-DAB816943079}"
EndProject
Project("{FAE04EC0-301F-11D3-BF4B-00C04F79EFBC}") = "YoutubePlayer", "YoutubePlayer.csproj", "{CF7CE733-1B52-993A-3663-0BC15C604084}"
EndProject
Project("{FAE04EC0-301F-11D3-BF4B-00C04F79EFBC}") = "Assembly-CSharp-Editor", "Assembly-CSharp-Editor.csproj", "{E65FF50A-7B1D-83E2-A5AC-620CAB728E4D}"
EndProject
Global
	GlobalSection(SolutionConfigurationPlatforms) = preSolution
		Debug|Any CPU = Debug|Any CPU
		Release|Any CPU = Release|Any CPU
	EndGlobalSection
	GlobalSection(ProjectConfigurationPlatforms) = postSolution
		{920BC24D-CD26-66E0-BF62-DAB816943079}.Debug|Any CPU.ActiveCfg = Debug|Any CPU
		{920BC24D-CD26-66E0-BF62-DAB816943079}.Debug|Any CPU.Build.0 = Debug|Any CPU
		{920BC24D-CD26-66E0-BF62-DAB816943079}.Release|Any CPU.ActiveCfg = Release|Any CPU
		{920BC24D-CD26-66E0-BF62-DAB816943079}.Release|Any CPU.Build.0 = Release|Any CPU
		{CF7CE733-1B52-993A-3663-0BC15C604084}.Debug|Any CPU.ActiveCfg = Debug|Any CPU
		{CF7CE733-1B52-993A-3663-0BC15C604084}.Debug|Any CPU.Build.0 = Debug|Any CPU
		{CF7CE733-1B52-993A-3663-0BC15C604084}.Release|Any CPU.ActiveCfg = Release|Any CPU
		{CF7CE733-1B52-993A-3663-0BC15C604084}.Release|Any CPU.Build.0 = Release|Any CPU
		{E65FF50A-7B1D-83E2-A5AC-620CAB728E4D}.Debug|Any CPU.ActiveCfg = Debug|Any CPU
		{E65FF50A-7B1D-83E2-A5AC-620CAB728E4D}.Debug|Any CPU.Build.0 = Debug|Any CPU
		{E65FF50A-7B1D-83E2-A5AC-620CAB728E4D}.Release|Any CPU.ActiveCfg = Release|Any CPU
		{E65FF50A-7B1D-83E2-A5AC-620CAB728E4D}.Release|Any CPU.Build.0 = Release|Any CPU
	EndGlobalSection
	GlobalSection(SolutionProperties) = preSolution
		HideSolutionNode = FALSE
	EndGlobalSection
EndGlobal
